
Microsoft Visual Studio Solution File, Format Version 12.00
# Visual Studio Version 17
VisualStudioVersion = 17.11.35312.102
MinimumVisualStudioVersion = 10.0.40219.1
Project("{9A19103F-16F7-4668-BE54-9A1E7A4F7556}") = "ProductManagement", "ProductManagement\ProductManagement.csproj", "{C95DDD7F-F13E-47C1-BC95-06923A5E5C47}"
EndProject
Project("{FAE04EC0-301F-11D3-BF4B-00C04F79EFBC}") = "ProductManagementTests", "ProductManagementTests\ProductManagementTests.csproj", "{F7A10D2F-6967-4AF8-B8C1-1EDAC9762215}"
EndProject
Global
	GlobalSection(SolutionConfigurationPlatforms) = preSolution
		Debug|Any CPU = Debug|Any CPU
		Release|Any CPU = Release|Any CPU
	EndGlobalSection
	GlobalSection(ProjectConfigurationPlatforms) = postSolution
		{C95DDD7F-F13E-47C1-BC95-06923A5E5C47}.Debug|Any CPU.ActiveCfg = Debug|Any CPU
		{C95DDD7F-F13E-47C1-BC95-06923A5E5C47}.Debug|Any CPU.Build.0 = Debug|Any CPU
		{C95DDD7F-F13E-47C1-BC95-06923A5E5C47}.Release|Any CPU.ActiveCfg = Release|Any CPU
		{C95DDD7F-F13E-47C1-BC95-06923A5E5C47}.Release|Any CPU.Build.0 = Release|Any CPU
		{F7A10D2F-6967-4AF8-B8C1-1EDAC9762215}.Debug|Any CPU.ActiveCfg = Debug|Any CPU
		{F7A10D2F-6967-4AF8-B8C1-1EDAC9762215}.Debug|Any CPU.Build.0 = Debug|Any CPU
		{F7A10D2F-6967-4AF8-B8C1-1EDAC9762215}.Release|Any CPU.ActiveCfg = Release|Any CPU
		{F7A10D2F-6967-4AF8-B8C1-1EDAC9762215}.Release|Any CPU.Build.0 = Release|Any CPU
	EndGlobalSection
	GlobalSection(SolutionProperties) = preSolution
		HideSolutionNode = FALSE
	EndGlobalSection
	GlobalSection(ExtensibilityGlobals) = postSolution
		SolutionGuid = {965D02A3-560F-40F4-BAA2-BD4B5460DA59}
	EndGlobalSection
EndGlobal
